
Microsoft Visual Studio Solution File, Format Version 12.00
# Visual Studio Version 17
VisualStudioVersion = 17.0.31903.59
MinimumVisualStudioVersion = 10.0.40219.1
Project("{FAE04EC0-301F-11D3-BF4B-00C04F79EFBC}") = "QuickEnrol.Api", "src\QuickEnrol.Api\QuickEnrol.Api.csproj", "{502FD1C7-70BC-C884-DA81-3AFF271FD258}"
EndProject
Project("{FAE04EC0-301F-11D3-BF4B-00C04F79EFBC}") = "QuickEnrol.Client", "src\QuickEnrol.Client\QuickEnrol.Client.csproj", "{D694B16D-0AF7-8730-23B6-98FA35A0CC76}"
EndProject
Project("{FAE04EC0-301F-11D3-BF4B-00C04F79EFBC}") = "QuickEnrol.EnrolHandler", "src\QuickEnrol.EnrolHandler\QuickEnrol.EnrolHandler.csproj", "{FC37A2C9-C91B-F191-4AD2-D301D2E43F31}"
EndProject
Project("{FAE04EC0-301F-11D3-BF4B-00C04F79EFBC}") = "QuickEnrol.Tests", "tests\QuickEnrol.Tests\QuickEnrol.Tests.csproj", "{5357EA5C-B0FF-AABF-2163-646AE4C81EA4}"
EndProject
Global
	GlobalSection(SolutionConfigurationPlatforms) = preSolution
		Debug|Any CPU = Debug|Any CPU
		Release|Any CPU = Release|Any CPU
	EndGlobalSection
	GlobalSection(ProjectConfigurationPlatforms) = postSolution
		{502FD1C7-70BC-C884-DA81-3AFF271FD258}.Debug|Any CPU.ActiveCfg = Debug|Any CPU
		{502FD1C7-70BC-C884-DA81-3AFF271FD258}.Debug|Any CPU.Build.0 = Debug|Any CPU
		{502FD1C7-70BC-C884-DA81-3AFF271FD258}.Release|Any CPU.ActiveCfg = Release|Any CPU
		{502FD1C7-70BC-C884-DA81-3AFF271FD258}.Release|Any CPU.Build.0 = Release|Any CPU
		{D694B16D-0AF7-8730-23B6-98FA35A0CC76}.Debug|Any CPU.ActiveCfg = Debug|Any CPU
		{D694B16D-0AF7-8730-23B6-98FA35A0CC76}.Debug|Any CPU.Build.0 = Debug|Any CPU
		{D694B16D-0AF7-8730-23B6-98FA35A0CC76}.Release|Any CPU.ActiveCfg = Release|Any CPU
		{D694B16D-0AF7-8730-23B6-98FA35A0CC76}.Release|Any CPU.Build.0 = Release|Any CPU
		{FC37A2C9-C91B-F191-4AD2-D301D2E43F31}.Debug|Any CPU.ActiveCfg = Debug|Any CPU
		{FC37A2C9-C91B-F191-4AD2-D301D2E43F31}.Debug|Any CPU.Build.0 = Debug|Any CPU
		{FC37A2C9-C91B-F191-4AD2-D301D2E43F31}.Release|Any CPU.ActiveCfg = Release|Any CPU
		{FC37A2C9-C91B-F191-4AD2-D301D2E43F31}.Release|Any CPU.Build.0 = Release|Any CPU
		{5357EA5C-B0FF-AABF-2163-646AE4C81EA4}.Debug|Any CPU.ActiveCfg = Debug|Any CPU
		{5357EA5C-B0FF-AABF-2163-646AE4C81EA4}.Debug|Any CPU.Build.0 = Debug|Any CPU
		{5357EA5C-B0FF-AABF-2163-646AE4C81EA4}.Release|Any CPU.ActiveCfg = Release|Any CPU
		{5357EA5C-B0FF-AABF-2163-646AE4C81EA4}.Release|Any CPU.Build.0 = Release|Any CPU
	EndGlobalSection
	GlobalSection(SolutionProperties) = preSolution
		HideSolutionNode = FALSE
	EndGlobalSection
	GlobalSection(ExtensibilityGlobals) = postSolution
		SolutionGuid = {2D17C3A0-1113-459E-A84C-B5734DC73EFC}
	EndGlobalSection
EndGlobal
