{
  "name": "wwwroot",
  "lockfileVersion": 3,
  "requires": true,
  "packages": {
    "": {
      "dependencies": {
        "govuk-frontend": "^5.11.1"
      }
    },
    "node_modules/govuk-frontend": {
      "version": "5.11.1",
      "resolved": "https://registry.npmjs.org/govuk-frontend/-/govuk-frontend-5.11.1.tgz",
      "integrity": "sha512-hJJFpaer4MZLvz/2F9RZ7xZ6FqlzpxL9aw6YWOGK3F1tn419xj2WcVXwOC8Bcj/dc/LanknbWJDGkb+IdkuhTQ==",
      "license": "MIT",
      "engines": {
        "node": ">= 4.2.0"
      }
    }
  }
}
